
Microsoft Visual Studio Solution File, Format Version 12.00
# Visual Studio Version 17
VisualStudioVersion = 17.2.32616.157
MinimumVisualStudioVersion = 10.0.40219.1
Project("{FAE04EC0-301F-11D3-BF4B-00C04F79EFBC}") = "Core", "Core\Core.csproj", "{7D063F40-0A71-40D5-BB32-40BFE5F24BEC}"
EndProject
Project("{FAE04EC0-301F-11D3-BF4B-00C04F79EFBC}") = "WebApi", "WebApi\WebApi.csproj", "{32A226A1-F243-4F57-A1BF-F5EC0D210B40}"
EndProject
Project("{FAE04EC0-301F-11D3-BF4B-00C04F79EFBC}") = "ConsoleApplication", "ConsoleApplication\ConsoleApplication.csproj", "{0C9331CD-C016-41E8-BCAC-0DC017FF544D}"
EndProject
Project("{FAE04EC0-301F-11D3-BF4B-00C04F79EFBC}") = "FileGenerator", "FileGenerator\FileGenerator.csproj", "{933D08F6-D372-45EC-B63C-713D1AF4A25A}"
EndProject
Project("{FAE04EC0-301F-11D3-BF4B-00C04F79EFBC}") = "PasswordGeneratorTests", "PasswordGeneratorTests\PasswordGeneratorTests.csproj", "{F92C8F33-7122-43AE-913C-80087AD527CF}"
EndProject
Global
	GlobalSection(SolutionConfigurationPlatforms) = preSolution
		Debug|Any CPU = Debug|Any CPU
		Release|Any CPU = Release|Any CPU
	EndGlobalSection
	GlobalSection(ProjectConfigurationPlatforms) = postSolution
		{7D063F40-0A71-40D5-BB32-40BFE5F24BEC}.Debug|Any CPU.ActiveCfg = Debug|Any CPU
		{7D063F40-0A71-40D5-BB32-40BFE5F24BEC}.Debug|Any CPU.Build.0 = Debug|Any CPU
		{7D063F40-0A71-40D5-BB32-40BFE5F24BEC}.Release|Any CPU.ActiveCfg = Release|Any CPU
		{7D063F40-0A71-40D5-BB32-40BFE5F24BEC}.Release|Any CPU.Build.0 = Release|Any CPU
		{32A226A1-F243-4F57-A1BF-F5EC0D210B40}.Debug|Any CPU.ActiveCfg = Debug|Any CPU
		{32A226A1-F243-4F57-A1BF-F5EC0D210B40}.Debug|Any CPU.Build.0 = Debug|Any CPU
		{32A226A1-F243-4F57-A1BF-F5EC0D210B40}.Release|Any CPU.ActiveCfg = Release|Any CPU
		{32A226A1-F243-4F57-A1BF-F5EC0D210B40}.Release|Any CPU.Build.0 = Release|Any CPU
		{0C9331CD-C016-41E8-BCAC-0DC017FF544D}.Debug|Any CPU.ActiveCfg = Debug|Any CPU
		{0C9331CD-C016-41E8-BCAC-0DC017FF544D}.Debug|Any CPU.Build.0 = Debug|Any CPU
		{0C9331CD-C016-41E8-BCAC-0DC017FF544D}.Release|Any CPU.ActiveCfg = Release|Any CPU
		{0C9331CD-C016-41E8-BCAC-0DC017FF544D}.Release|Any CPU.Build.0 = Release|Any CPU
		{933D08F6-D372-45EC-B63C-713D1AF4A25A}.Debug|Any CPU.ActiveCfg = Debug|Any CPU
		{933D08F6-D372-45EC-B63C-713D1AF4A25A}.Debug|Any CPU.Build.0 = Debug|Any CPU
		{933D08F6-D372-45EC-B63C-713D1AF4A25A}.Release|Any CPU.ActiveCfg = Release|Any CPU
		{933D08F6-D372-45EC-B63C-713D1AF4A25A}.Release|Any CPU.Build.0 = Release|Any CPU
		{F92C8F33-7122-43AE-913C-80087AD527CF}.Debug|Any CPU.ActiveCfg = Debug|Any CPU
		{F92C8F33-7122-43AE-913C-80087AD527CF}.Debug|Any CPU.Build.0 = Debug|Any CPU
		{F92C8F33-7122-43AE-913C-80087AD527CF}.Release|Any CPU.ActiveCfg = Release|Any CPU
		{F92C8F33-7122-43AE-913C-80087AD527CF}.Release|Any CPU.Build.0 = Release|Any CPU
	EndGlobalSection
	GlobalSection(SolutionProperties) = preSolution
		HideSolutionNode = FALSE
	EndGlobalSection
	GlobalSection(ExtensibilityGlobals) = postSolution
		SolutionGuid = {506F1DB3-903F-4F9F-B50C-B7F365505847}
	EndGlobalSection
EndGlobal
